// !$*UTF8*$!
{
	archiveVersion = 1;
	classes = {
	};
	objectVersion = 50;
	objects = {

/* Begin PBXBuildFile section */
		3320AC1624881861007A2EE0 /* AppDelegate.swift in Sources */ = {isa = PBXBuildFile; fileRef = 3320AC1524881861007A2EE0 /* AppDelegate.swift */; };
		3320AC1824881861007A2EE0 /* SceneDelegate.swift in Sources */ = {isa = PBXBuildFile; fileRef = 3320AC1724881861007A2EE0 /* SceneDelegate.swift */; };
		3320AC1A24881861007A2EE0 /* ViewController.swift in Sources */ = {isa = PBXBuildFile; fileRef = 3320AC1924881861007A2EE0 /* ViewController.swift */; };
		3320AC1D24881861007A2EE0 /* Main.storyboard in Resources */ = {isa = PBXBuildFile; fileRef = 3320AC1B24881861007A2EE0 /* Main.storyboard */; };
		3320AC1F24881863007A2EE0 /* Assets.xcassets in Resources */ = {isa = PBXBuildFile; fileRef = 3320AC1E24881863007A2EE0 /* Assets.xcassets */; };
		3320AC2224881863007A2EE0 /* LaunchScreen.storyboard in Resources */ = {isa = PBXBuildFile; fileRef = 3320AC2024881863007A2EE0 /* LaunchScreen.storyboard */; };
		33E84DB1248819F2002D0C72 /* Movie.swift in Sources */ = {isa = PBXBuildFile; fileRef = 33E84DB0248819F2002D0C72 /* Movie.swift */; };
		33E84DB324881B0B002D0C72 /* MovieService.swift in Sources */ = {isa = PBXBuildFile; fileRef = 33E84DB224881B0B002D0C72 /* MovieService.swift */; };
		33E84DB524881CE8002D0C72 /* Feed.swift in Sources */ = {isa = PBXBuildFile; fileRef = 33E84DB424881CE8002D0C72 /* Feed.swift */; };
		33E84DB824882378002D0C72 /* FeaturedCell.swift in Sources */ = {isa = PBXBuildFile; fileRef = 33E84DB724882378002D0C72 /* FeaturedCell.swift */; };
		33E84DBA24882384002D0C72 /* MovieCell.swift in Sources */ = {isa = PBXBuildFile; fileRef = 33E84DB924882384002D0C72 /* MovieCell.swift */; };
		33E84DBC248825BC002D0C72 /* SectionHeader.swift in Sources */ = {isa = PBXBuildFile; fileRef = 33E84DBB248825BC002D0C72 /* SectionHeader.swift */; };
		33E84DBE248826A8002D0C72 /* FeaturedSectionHeader.swift in Sources */ = {isa = PBXBuildFile; fileRef = 33E84DBD248826A8002D0C72 /* FeaturedSectionHeader.swift */; };
		33E84DC02488315F002D0C72 /* FeaturedCell.xib in Resources */ = {isa = PBXBuildFile; fileRef = 33E84DBF2488315F002D0C72 /* FeaturedCell.xib */; };
		33E84DC224883168002D0C72 /* MovieCell.xib in Resources */ = {isa = PBXBuildFile; fileRef = 33E84DC124883168002D0C72 /* MovieCell.xib */; };
		33E84DC424883172002D0C72 /* SectionHeader.xib in Resources */ = {isa = PBXBuildFile; fileRef = 33E84DC324883172002D0C72 /* SectionHeader.xib */; };
		33E84DC624883180002D0C72 /* FeaturedSectionHeader.xib in Resources */ = {isa = PBXBuildFile; fileRef = 33E84DC524883180002D0C72 /* FeaturedSectionHeader.xib */; };
/* End PBXBuildFile section */

/* Begin PBXFileReference section */
		3320AC1224881861007A2EE0 /* ZakPortfolio.app */ = {isa = PBXFileReference; explicitFileType = wrapper.application; includeInIndex = 0; path = ZakPortfolio.app; sourceTree = BUILT_PRODUCTS_DIR; };
		3320AC1524881861007A2EE0 /* AppDelegate.swift */ = {isa = PBXFileReference; lastKnownFileType = sourcecode.swift; path = AppDelegate.swift; sourceTree = "<group>"; };
		3320AC1724881861007A2EE0 /* SceneDelegate.swift */ = {isa = PBXFileReference; lastKnownFileType = sourcecode.swift; path = SceneDelegate.swift; sourceTree = "<group>"; };
		3320AC1924881861007A2EE0 /* ViewController.swift */ = {isa = PBXFileReference; lastKnownFileType = sourcecode.swift; path = ViewController.swift; sourceTree = "<group>"; };
		3320AC1C24881861007A2EE0 /* Base */ = {isa = PBXFileReference; lastKnownFileType = file.storyboard; name = Base; path = Base.lproj/Main.storyboard; sourceTree = "<group>"; };
		3320AC1E24881863007A2EE0 /* Assets.xcassets */ = {isa = PBXFileReference; lastKnownFileType = folder.assetcatalog; path = Assets.xcassets; sourceTree = "<group>"; };
		3320AC2124881863007A2EE0 /* Base */ = {isa = PBXFileReference; lastKnownFileType = file.storyboard; name = Base; path = Base.lproj/LaunchScreen.storyboard; sourceTree = "<group>"; };
		3320AC2324881863007A2EE0 /* Info.plist */ = {isa = PBXFileReference; lastKnownFileType = text.plist.xml; path = Info.plist; sourceTree = "<group>"; };
		33E84DB0248819F2002D0C72 /* Movie.swift */ = {isa = PBXFileReference; lastKnownFileType = sourcecode.swift; path = Movie.swift; sourceTree = "<group>"; };
		33E84DB224881B0B002D0C72 /* MovieService.swift */ = {isa = PBXFileReference; lastKnownFileType = sourcecode.swift; path = MovieService.swift; sourceTree = "<group>"; };
		33E84DB424881CE8002D0C72 /* Feed.swift */ = {isa = PBXFileReference; lastKnownFileType = sourcecode.swift; path = Feed.swift; sourceTree = "<group>"; };
		33E84DB724882378002D0C72 /* FeaturedCell.swift */ = {isa = PBXFileReference; lastKnownFileType = sourcecode.swift; path = FeaturedCell.swift; sourceTree = "<group>"; };
		33E84DB924882384002D0C72 /* MovieCell.swift */ = {isa = PBXFileReference; lastKnownFileType = sourcecode.swift; path = MovieCell.swift; sourceTree = "<group>"; };
		33E84DBB248825BC002D0C72 /* SectionHeader.swift */ = {isa = PBXFileReference; lastKnownFileType = sourcecode.swift; path = SectionHeader.swift; sourceTree = "<group>"; };
		33E84DBD248826A8002D0C72 /* FeaturedSectionHeader.swift */ = {isa = PBXFileReference; lastKnownFileType = sourcecode.swift; path = FeaturedSectionHeader.swift; sourceTree = "<group>"; };
		33E84DBF2488315F002D0C72 /* FeaturedCell.xib */ = {isa = PBXFileReference; lastKnownFileType = file.xib; path = FeaturedCell.xib; sourceTree = "<group>"; };
		33E84DC124883168002D0C72 /* MovieCell.xib */ = {isa = PBXFileReference; lastKnownFileType = file.xib; path = MovieCell.xib; sourceTree = "<group>"; };
		33E84DC324883172002D0C72 /* SectionHeader.xib */ = {isa = PBXFileReference; lastKnownFileType = file.xib; path = SectionHeader.xib; sourceTree = "<group>"; };
		33E84DC524883180002D0C72 /* FeaturedSectionHeader.xib */ = {isa = PBXFileReference; lastKnownFileType = file.xib; path = FeaturedSectionHeader.xib; sourceTree = "<group>"; };
/* End PBXFileReference section */

/* Begin PBXFrameworksBuildPhase section */
		3320AC0F24881861007A2EE0 /* Frameworks */ = {
			isa = PBXFrameworksBuildPhase;
			buildActionMask = 2147483647;
			files = (
			);
			runOnlyForDeploymentPostprocessing = 0;
		};
/* End PBXFrameworksBuildPhase section */

/* Begin PBXGroup section */
		3320AC0924881861007A2EE0 = {
			isa = PBXGroup;
			children = (
				3320AC1424881861007A2EE0 /* ZakPortfolio */,
				3320AC1324881861007A2EE0 /* Products */,
			);
			sourceTree = "<group>";
		};
		3320AC1324881861007A2EE0 /* Products */ = {
			isa = PBXGroup;
			children = (
				3320AC1224881861007A2EE0 /* ZakPortfolio.app */,
			);
			name = Products;
			sourceTree = "<group>";
		};
		3320AC1424881861007A2EE0 /* ZakPortfolio */ = {
			isa = PBXGroup;
			children = (
				33E84DB62488235F002D0C72 /* View */,
				33E84DAF248819E6002D0C72 /* Model */,
				33E84DAE248819DD002D0C72 /* Service */,
				33E84DAD248819CA002D0C72 /* Launch */,
				33E84DAC248819BF002D0C72 /* Controller */,
				3320AC1B24881861007A2EE0 /* Main.storyboard */,
				3320AC1E24881863007A2EE0 /* Assets.xcassets */,
				3320AC2324881863007A2EE0 /* Info.plist */,
			);
			path = ZakPortfolio;
			sourceTree = "<group>";
		};
		33E84DAC248819BF002D0C72 /* Controller */ = {
			isa = PBXGroup;
			children = (
				3320AC1924881861007A2EE0 /* ViewController.swift */,
			);
			path = Controller;
			sourceTree = "<group>";
		};
		33E84DAD248819CA002D0C72 /* Launch */ = {
			isa = PBXGroup;
			children = (
				3320AC1524881861007A2EE0 /* AppDelegate.swift */,
				3320AC1724881861007A2EE0 /* SceneDelegate.swift */,
				3320AC2024881863007A2EE0 /* LaunchScreen.storyboard */,
			);
			path = Launch;
			sourceTree = "<group>";
		};
		33E84DAE248819DD002D0C72 /* Service */ = {
			isa = PBXGroup;
			children = (
				33E84DB224881B0B002D0C72 /* MovieService.swift */,
			);
			path = Service;
			sourceTree = "<group>";
		};
		33E84DAF248819E6002D0C72 /* Model */ = {
			isa = PBXGroup;
			children = (
				33E84DB0248819F2002D0C72 /* Movie.swift */,
				33E84DB424881CE8002D0C72 /* Feed.swift */,
			);
			path = Model;
			sourceTree = "<group>";
		};
		33E84DB62488235F002D0C72 /* View */ = {
			isa = PBXGroup;
			children = (
				33E84DB724882378002D0C72 /* FeaturedCell.swift */,
				33E84DBF2488315F002D0C72 /* FeaturedCell.xib */,
				33E84DB924882384002D0C72 /* MovieCell.swift */,
				33E84DC124883168002D0C72 /* MovieCell.xib */,
				33E84DBB248825BC002D0C72 /* SectionHeader.swift */,
				33E84DC324883172002D0C72 /* SectionHeader.xib */,
				33E84DBD248826A8002D0C72 /* FeaturedSectionHeader.swift */,
				33E84DC524883180002D0C72 /* FeaturedSectionHeader.xib */,
			);
			path = View;
			sourceTree = "<group>";
		};
/* End PBXGroup section */

/* Begin PBXNativeTarget section */
		3320AC1124881861007A2EE0 /* ZakPortfolio */ = {
			isa = PBXNativeTarget;
			buildConfigurationList = 3320AC2624881863007A2EE0 /* Build configuration list for PBXNativeTarget "ZakPortfolio" */;
			buildPhases = (
				3320AC0E24881861007A2EE0 /* Sources */,
				3320AC0F24881861007A2EE0 /* Frameworks */,
				3320AC1024881861007A2EE0 /* Resources */,
			);
			buildRules = (
			);
			dependencies = (
			);
			name = ZakPortfolio;
			productName = ZakPortfolio;
			productReference = 3320AC1224881861007A2EE0 /* ZakPortfolio.app */;
			productType = "com.apple.product-type.application";
		};
/* End PBXNativeTarget section */

/* Begin PBXProject section */
		3320AC0A24881861007A2EE0 /* Project object */ = {
			isa = PBXProject;
			attributes = {
				LastSwiftUpdateCheck = 1150;
				LastUpgradeCheck = 1150;
				ORGANIZATIONNAME = "Midwest Tape, LLC";
				TargetAttributes = {
					3320AC1124881861007A2EE0 = {
						CreatedOnToolsVersion = 11.5;
					};
				};
			};
			buildConfigurationList = 3320AC0D24881861007A2EE0 /* Build configuration list for PBXProject "ZakPortfolio" */;
			compatibilityVersion = "Xcode 9.3";
			developmentRegion = en;
			hasScannedForEncodings = 0;
			knownRegions = (
				en,
				Base,
			);
			mainGroup = 3320AC0924881861007A2EE0;
			productRefGroup = 3320AC1324881861007A2EE0 /* Products */;
			projectDirPath = "";
			projectRoot = "";
			targets = (
				3320AC1124881861007A2EE0 /* ZakPortfolio */,
			);
		};
/* End PBXProject section */

/* Begin PBXResourcesBuildPhase section */
		3320AC1024881861007A2EE0 /* Resources */ = {
			isa = PBXResourcesBuildPhase;
			buildActionMask = 2147483647;
			files = (
				3320AC2224881863007A2EE0 /* LaunchScreen.storyboard in Resources */,
				33E84DC02488315F002D0C72 /* FeaturedCell.xib in Resources */,
				33E84DC624883180002D0C72 /* FeaturedSectionHeader.xib in Resources */,
				33E84DC424883172002D0C72 /* SectionHeader.xib in Resources */,
				3320AC1F24881863007A2EE0 /* Assets.xcassets in Resources */,
				3320AC1D24881861007A2EE0 /* Main.storyboard in Resources */,
				33E84DC224883168002D0C72 /* MovieCell.xib in Resources */,
			);
			runOnlyForDeploymentPostprocessing = 0;
		};
/* End PBXResourcesBuildPhase section */

/* Begin PBXSourcesBuildPhase section */
		3320AC0E24881861007A2EE0 /* Sources */ = {
			isa = PBXSourcesBuildPhase;
			buildActionMask = 2147483647;
			files = (
				33E84DBE248826A8002D0C72 /* FeaturedSectionHeader.swift in Sources */,
				3320AC1A24881861007A2EE0 /* ViewController.swift in Sources */,
				3320AC1624881861007A2EE0 /* AppDelegate.swift in Sources */,
				33E84DBA24882384002D0C72 /* MovieCell.swift in Sources */,
				33E84DB1248819F2002D0C72 /* Movie.swift in Sources */,
				3320AC1824881861007A2EE0 /* SceneDelegate.swift in Sources */,
				33E84DBC248825BC002D0C72 /* SectionHeader.swift in Sources */,
				33E84DB824882378002D0C72 /* FeaturedCell.swift in Sources */,
				33E84DB524881CE8002D0C72 /* Feed.swift in Sources */,
				33E84DB324881B0B002D0C72 /* MovieService.swift in Sources */,
			);
			runOnlyForDeploymentPostprocessing = 0;
		};
/* End PBXSourcesBuildPhase section */

/* Begin PBXVariantGroup section */
		3320AC1B24881861007A2EE0 /* Main.storyboard */ = {
			isa = PBXVariantGroup;
			children = (
				3320AC1C24881861007A2EE0 /* Base */,
			);
			name = Main.storyboard;
			sourceTree = "<group>";
		};
		3320AC2024881863007A2EE0 /* LaunchScreen.storyboard */ = {
			isa = PBXVariantGroup;
			children = (
				3320AC2124881863007A2EE0 /* Base */,
			);
			name = LaunchScreen.storyboard;
			sourceTree = "<group>";
		};
/* End PBXVariantGroup section */

/* Begin XCBuildConfiguration section */
		3320AC2424881863007A2EE0 /* Debug */ = {
			isa = XCBuildConfiguration;
			buildSettings = {
				ALWAYS_SEARCH_USER_PATHS = NO;
				CLANG_ANALYZER_NONNULL = YES;
				CLANG_ANALYZER_NUMBER_OBJECT_CONVERSION = YES_AGGRESSIVE;
				CLANG_CXX_LANGUAGE_STANDARD = "gnu++14";
				CLANG_CXX_LIBRARY = "libc++";
				CLANG_ENABLE_MODULES = YES;
				CLANG_ENABLE_OBJC_ARC = YES;
				CLANG_ENABLE_OBJC_WEAK = YES;
				CLANG_WARN_BLOCK_CAPTURE_AUTORELEASING = YES;
				CLANG_WARN_BOOL_CONVERSION = YES;
				CLANG_WARN_COMMA = YES;
				CLANG_WARN_CONSTANT_CONVERSION = YES;
				CLANG_WARN_DEPRECATED_OBJC_IMPLEMENTATIONS = YES;
				CLANG_WARN_DIRECT_OBJC_ISA_USAGE = YES_ERROR;
				CLANG_WARN_DOCUMENTATION_COMMENTS = YES;
				CLANG_WARN_EMPTY_BODY = YES;
				CLANG_WARN_ENUM_CONVERSION = YES;
				CLANG_WARN_INFINITE_RECURSION = YES;
				CLANG_WARN_INT_CONVERSION = YES;
				CLANG_WARN_NON_LITERAL_NULL_CONVERSION = YES;
				CLANG_WARN_OBJC_IMPLICIT_RETAIN_SELF = YES;
				CLANG_WARN_OBJC_LITERAL_CONVERSION = YES;
				CLANG_WARN_OBJC_ROOT_CLASS = YES_ERROR;
				CLANG_WARN_RANGE_LOOP_ANALYSIS = YES;
				CLANG_WARN_STRICT_PROTOTYPES = YES;
				CLANG_WARN_SUSPICIOUS_MOVE = YES;
				CLANG_WARN_UNGUARDED_AVAILABILITY = YES_AGGRESSIVE;
				CLANG_WARN_UNREACHABLE_CODE = YES;
				CLANG_WARN__DUPLICATE_METHOD_MATCH = YES;
				COPY_PHASE_STRIP = NO;
				DEBUG_INFORMATION_FORMAT = dwarf;
				ENABLE_STRICT_OBJC_MSGSEND = YES;
				ENABLE_TESTABILITY = YES;
				GCC_C_LANGUAGE_STANDARD = gnu11;
				GCC_DYNAMIC_NO_PIC = NO;
				GCC_NO_COMMON_BLOCKS = YES;
				GCC_OPTIMIZATION_LEVEL = 0;
				GCC_PREPROCESSOR_DEFINITIONS = (
					"DEBUG=1",
					"$(inherited)",
				);
				GCC_WARN_64_TO_32_BIT_CONVERSION = YES;
				GCC_WARN_ABOUT_RETURN_TYPE = YES_ERROR;
				GCC_WARN_UNDECLARED_SELECTOR = YES;
				GCC_WARN_UNINITIALIZED_AUTOS = YES_AGGRESSIVE;
				GCC_WARN_UNUSED_FUNCTION = YES;
				GCC_WARN_UNUSED_VARIABLE = YES;
				IPHONEOS_DEPLOYMENT_TARGET = 13.5;
				MTL_ENABLE_DEBUG_INFO = INCLUDE_SOURCE;
				MTL_FAST_MATH = YES;
				ONLY_ACTIVE_ARCH = YES;
				SDKROOT = iphoneos;
				SWIFT_ACTIVE_COMPILATION_CONDITIONS = DEBUG;
				SWIFT_OPTIMIZATION_LEVEL = "-Onone";
			};
			name = Debug;
		};
		3320AC2524881863007A2EE0 /* Release */ = {
			isa = XCBuildConfiguration;
			buildSettings = {
				ALWAYS_SEARCH_USER_PATHS = NO;
				CLANG_ANALYZER_NONNULL = YES;
				CLANG_ANALYZER_NUMBER_OBJECT_CONVERSION = YES_AGGRESSIVE;
				CLANG_CXX_LANGUAGE_STANDARD = "gnu++14";
				CLANG_CXX_LIBRARY = "libc++";
				CLANG_ENABLE_MODULES = YES;
				CLANG_ENABLE_OBJC_ARC = YES;
				CLANG_ENABLE_OBJC_WEAK = YES;
				CLANG_WARN_BLOCK_CAPTURE_AUTORELEASING = YES;
				CLANG_WARN_BOOL_CONVERSION = YES;
				CLANG_WARN_COMMA = YES;
				CLANG_WARN_CONSTANT_CONVERSION = YES;
				CLANG_WARN_DEPRECATED_OBJC_IMPLEMENTATIONS = YES;
				CLANG_WARN_DIRECT_OBJC_ISA_USAGE = YES_ERROR;
				CLANG_WARN_DOCUMENTATION_COMMENTS = YES;
				CLANG_WARN_EMPTY_BODY = YES;
				CLANG_WARN_ENUM_CONVERSION = YES;
				CLANG_WARN_INFINITE_RECURSION = YES;
				CLANG_WARN_INT_CONVERSION = YES;
				CLANG_WARN_NON_LITERAL_NULL_CONVERSION = YES;
				CLANG_WARN_OBJC_IMPLICIT_RETAIN_SELF = YES;
				CLANG_WARN_OBJC_LITERAL_CONVERSION = YES;
				CLANG_WARN_OBJC_ROOT_CLASS = YES_ERROR;
				CLANG_WARN_RANGE_LOOP_ANALYSIS = YES;
				CLANG_WARN_STRICT_PROTOTYPES = YES;
				CLANG_WARN_SUSPICIOUS_MOVE = YES;
				CLANG_WARN_UNGUARDED_AVAILABILITY = YES_AGGRESSIVE;
				CLANG_WARN_UNREACHABLE_CODE = YES;
				CLANG_WARN__DUPLICATE_METHOD_MATCH = YES;
				COPY_PHASE_STRIP = NO;
				DEBUG_INFORMATION_FORMAT = "dwarf-with-dsym";
				ENABLE_NS_ASSERTIONS = NO;
				ENABLE_STRICT_OBJC_MSGSEND = YES;
				GCC_C_LANGUAGE_STANDARD = gnu11;
				GCC_NO_COMMON_BLOCKS = YES;
				GCC_WARN_64_TO_32_BIT_CONVERSION = YES;
				GCC_WARN_ABOUT_RETURN_TYPE = YES_ERROR;
				GCC_WARN_UNDECLARED_SELECTOR = YES;
				GCC_WARN_UNINITIALIZED_AUTOS = YES_AGGRESSIVE;
				GCC_WARN_UNUSED_FUNCTION = YES;
				GCC_WARN_UNUSED_VARIABLE = YES;
				IPHONEOS_DEPLOYMENT_TARGET = 13.5;
				MTL_ENABLE_DEBUG_INFO = NO;
				MTL_FAST_MATH = YES;
				SDKROOT = iphoneos;
				SWIFT_COMPILATION_MODE = wholemodule;
				SWIFT_OPTIMIZATION_LEVEL = "-O";
				VALIDATE_PRODUCT = YES;
			};
			name = Release;
		};
		3320AC2724881863007A2EE0 /* Debug */ = {
			isa = XCBuildConfiguration;
			buildSettings = {
				ASSETCATALOG_COMPILER_APPICON_NAME = AppIcon;
				CODE_SIGN_STYLE = Automatic;
				DEVELOPMENT_TEAM = A4358P6V22;
				INFOPLIST_FILE = ZakPortfolio/Info.plist;
				LD_RUNPATH_SEARCH_PATHS = (
					"$(inherited)",
					"@executable_path/Frameworks",
				);
				PRODUCT_BUNDLE_IDENTIFIER = com.zakdillon.ZakPortfolio;
				PRODUCT_NAME = "$(TARGET_NAME)";
				SWIFT_VERSION = 5.0;
				TARGETED_DEVICE_FAMILY = "1,2";
			};
			name = Debug;
		};
		3320AC2824881863007A2EE0 /* Release */ = {
			isa = XCBuildConfiguration;
			buildSettings = {
				ASSETCATALOG_COMPILER_APPICON_NAME = AppIcon;
				CODE_SIGN_STYLE = Automatic;
				DEVELOPMENT_TEAM = A4358P6V22;
				INFOPLIST_FILE = ZakPortfolio/Info.plist;
				LD_RUNPATH_SEARCH_PATHS = (
					"$(inherited)",
					"@executable_path/Frameworks",
				);
				PRODUCT_BUNDLE_IDENTIFIER = com.zakdillon.ZakPortfolio;
				PRODUCT_NAME = "$(TARGET_NAME)";
				SWIFT_VERSION = 5.0;
				TARGETED_DEVICE_FAMILY = "1,2";
			};
			name = Release;
		};
/* End XCBuildConfiguration section */

/* Begin XCConfigurationList section */
		3320AC0D24881861007A2EE0 /* Build configuration list for PBXProject "ZakPortfolio" */ = {
			isa = XCConfigurationList;
			buildConfigurations = (
				3320AC2424881863007A2EE0 /* Debug */,
				3320AC2524881863007A2EE0 /* Release */,
			);
			defaultConfigurationIsVisible = 0;
			defaultConfigurationName = Release;
		};
		3320AC2624881863007A2EE0 /* Build configuration list for PBXNativeTarget "ZakPortfolio" */ = {
			isa = XCConfigurationList;
			buildConfigurations = (
				3320AC2724881863007A2EE0 /* Debug */,
				3320AC2824881863007A2EE0 /* Release */,
			);
			defaultConfigurationIsVisible = 0;
			defaultConfigurationName = Release;
		};
/* End XCConfigurationList section */
	};
	rootObject = 3320AC0A24881861007A2EE0 /* Project object */;
}
